
Microsoft Visual Studio Solution File, Format Version 12.00
# Visual Studio Version 17
VisualStudioVersion = 17.0.31717.71
MinimumVisualStudioVersion = 10.0.40219.1
Project("{FAE04EC0-301F-11D3-BF4B-00C04F79EFBC}") = "CookieClickerBOT", "CookieClickerBOT\CookieClickerBOT.csproj", "{DA2D6103-D027-436F-9BCA-555C1FBF115E}"
EndProject
Global
	GlobalSection(SolutionConfigurationPlatforms) = preSolution
		Debug|Any CPU = Debug|Any CPU
		Release|Any CPU = Release|Any CPU
	EndGlobalSection
	GlobalSection(ProjectConfigurationPlatforms) = postSolution
		{DA2D6103-D027-436F-9BCA-555C1FBF115E}.Debug|Any CPU.ActiveCfg = Debug|Any CPU
		{DA2D6103-D027-436F-9BCA-555C1FBF115E}.Debug|Any CPU.Build.0 = Debug|Any CPU
		{DA2D6103-D027-436F-9BCA-555C1FBF115E}.Release|Any CPU.ActiveCfg = Release|Any CPU
		{DA2D6103-D027-436F-9BCA-555C1FBF115E}.Release|Any CPU.Build.0 = Release|Any CPU
	EndGlobalSection
	GlobalSection(SolutionProperties) = preSolution
		HideSolutionNode = FALSE
	EndGlobalSection
	GlobalSection(ExtensibilityGlobals) = postSolution
		SolutionGuid = {6FBE2F9B-0106-4543-9970-F45F5A0EE3DB}
	EndGlobalSection
EndGlobal
